# THIS IS AN AUTOGENERATED FILE. DO NOT EDIT THIS FILE DIRECTLY.
# yarn lockfile v1


slick-carousel@^1.6.0:
  version "1.8.1"
  resolved "https://registry.yarnpkg.com/slick-carousel/-/slick-carousel-1.8.1.tgz#a4bfb29014887bb66ce528b90bd0cda262cc8f8d"
  integrity sha512-XB9Ftrf2EEKfzoQXt3Nitrt/IPbT+f1fgqBdoxO3W/+JYvtEOW6EgxnWfr9GH6nmULv7Y2tPmEX3koxThVmebA==

vue-slick@^1.1.15:
  version "1.1.15"
  resolved "https://registry.yarnpkg.com/vue-slick/-/vue-slick-1.1.15.tgz#2916134531fd1f9638548f2ba1526e4f11032588"
  integrity sha512-FnoeFMmxj+3Y1iE1HjNsB0SPpcTxJ8y2FIgndwMP6WkQph3FkPQLdqz24MwH4RszCXXH8reoANV6DMIC07jEbQ==
  dependencies:
    slick-carousel "^1.6.0"
